
Microsoft Visual Studio Solution File, Format Version 12.00
# Visual Studio Version 16
VisualStudioVersion = 16.0.34031.81
MinimumVisualStudioVersion = 10.0.40219.1
Project("{2150E333-8FDC-42A3-9474-1A3956D46DE8}") = "Task0", "Task0", "{66CE297C-9CCF-4921-A3F2-7A1A7C6CA2CF}"
EndProject
Project("{FAE04EC0-301F-11D3-BF4B-00C04F79EFBC}") = "Tyuiu.KomarovMA.Sprint5.Task0.V10", "Tyuiu.KomarovMA.Sprint5.Task0.V10\Tyuiu.KomarovMA.Sprint5.Task0.V10.csproj", "{F568301A-B92E-40C7-B03C-7EBE171D7930}"
EndProject
Project("{FAE04EC0-301F-11D3-BF4B-00C04F79EFBC}") = "Tyuiu.KomarovMA.Sprint5.Task0.V10.Lib", "Tyuiu.KomarovMA.Sprint5.Task0.V10.Lib\Tyuiu.KomarovMA.Sprint5.Task0.V10.Lib.csproj", "{5D8195D0-B48D-4A00-A522-900006A2CA25}"
EndProject
Project("{FAE04EC0-301F-11D3-BF4B-00C04F79EFBC}") = "Tyuiu.KomarovMA.Sprint5.Task0.V10.Test", "Tyuiu.KomarovMA.Sprint5.Task0.V10.Test\Tyuiu.KomarovMA.Sprint5.Task0.V10.Test.csproj", "{C669BB72-C7CC-45C8-AED6-4F8987089EAE}"
EndProject
Project("{2150E333-8FDC-42A3-9474-1A3956D46DE8}") = "Task1", "Task1", "{36773FB5-DE07-4BD8-8AA3-AD4FF8D208D2}"
EndProject
Project("{FAE04EC0-301F-11D3-BF4B-00C04F79EFBC}") = "Tyuiu.KomarovMA.Sprint5.Task1.V5", "Tyuiu.KomarovMA.Sprint5.Task1.V5\Tyuiu.KomarovMA.Sprint5.Task1.V5.csproj", "{2D71CB92-6ACC-4475-A5CA-456A7FD0E4D8}"
EndProject
Project("{FAE04EC0-301F-11D3-BF4B-00C04F79EFBC}") = "Tyuiu.KomarovMA.Sprint5.Task1.V5.Lib", "Tyuiu.KomarovMA.Sprint5.Task1.V5.Lib\Tyuiu.KomarovMA.Sprint5.Task1.V5.Lib.csproj", "{A2B09F1F-D107-4B95-9110-A599BCFBC349}"
EndProject
Project("{FAE04EC0-301F-11D3-BF4B-00C04F79EFBC}") = "Tyuiu.KomarovMA.Sprint5.Task1.V5.Test", "Tyuiu.KomarovMA.Sprint5.Task1.V5.Test\Tyuiu.KomarovMA.Sprint5.Task1.V5.Test.csproj", "{2EADA5C5-DABF-4FEC-B00A-C814358BA727}"
EndProject
Project("{2150E333-8FDC-42A3-9474-1A3956D46DE8}") = "Task2", "Task2", "{88743D44-3BE5-42EE-BA85-8302CA13135B}"
EndProject
Project("{FAE04EC0-301F-11D3-BF4B-00C04F79EFBC}") = "Tyuiu.KomarovMA.Sprint5.Task2.V27", "Tyuiu.KomarovMA.Sprint5.Task2.V27\Tyuiu.KomarovMA.Sprint5.Task2.V27.csproj", "{0B2272B8-5377-411E-AF46-A34193EDFA93}"
EndProject
Project("{FAE04EC0-301F-11D3-BF4B-00C04F79EFBC}") = "Tyuiu.KomarovMA.Sprint5.Task2.V27.Lib", "Tyuiu.KomarovMA.Sprint5.Task2.V27.Lib\Tyuiu.KomarovMA.Sprint5.Task2.V27.Lib.csproj", "{370E9C75-D363-4AC0-B8EB-40849D284AD9}"
EndProject
Project("{FAE04EC0-301F-11D3-BF4B-00C04F79EFBC}") = "Tyuiu.KomarovMA.Sprint5.Task2.V27.Test", "Tyuiu.KomarovMA.Sprint5.Task2.V27.Test\Tyuiu.KomarovMA.Sprint5.Task2.V27.Test.csproj", "{7BB8B617-5C33-4D10-A38E-BE1F3D353370}"
EndProject
Project("{2150E333-8FDC-42A3-9474-1A3956D46DE8}") = "Task3", "Task3", "{B1CD3102-784F-49F3-932E-41D3F0E87AAB}"
EndProject
Project("{FAE04EC0-301F-11D3-BF4B-00C04F79EFBC}") = "Tyuiu.KomarovMA.Sprint5.Task3.V3", "Tyuiu.KomarovMA.Sprint5.Task3.V3\Tyuiu.KomarovMA.Sprint5.Task3.V3.csproj", "{9B5747D4-2CE9-425F-87F1-528797A06A52}"
EndProject
Project("{FAE04EC0-301F-11D3-BF4B-00C04F79EFBC}") = "Tyuiu.KomarovMA.Sprint5.Task3.V3.Lib", "Tyuiu.KomarovMA.Sprint5.Task3.V3.Lib\Tyuiu.KomarovMA.Sprint5.Task3.V3.Lib.csproj", "{F4FF059C-A75E-433A-856C-F83DBC98D37C}"
EndProject
Project("{FAE04EC0-301F-11D3-BF4B-00C04F79EFBC}") = "Tyuiu.KomarovMA.Sprint5.Task3.V3.Test", "Tyuiu.KomarovMA.Sprint5.Task3.V3.Test\Tyuiu.KomarovMA.Sprint5.Task3.V3.Test.csproj", "{174FC177-0068-4D3C-9C40-500E804AFEFA}"
EndProject
Global
	GlobalSection(SolutionConfigurationPlatforms) = preSolution
		Debug|Any CPU = Debug|Any CPU
		Release|Any CPU = Release|Any CPU
	EndGlobalSection
	GlobalSection(ProjectConfigurationPlatforms) = postSolution
		{F568301A-B92E-40C7-B03C-7EBE171D7930}.Debug|Any CPU.ActiveCfg = Debug|Any CPU
		{F568301A-B92E-40C7-B03C-7EBE171D7930}.Debug|Any CPU.Build.0 = Debug|Any CPU
		{F568301A-B92E-40C7-B03C-7EBE171D7930}.Release|Any CPU.ActiveCfg = Release|Any CPU
		{F568301A-B92E-40C7-B03C-7EBE171D7930}.Release|Any CPU.Build.0 = Release|Any CPU
		{5D8195D0-B48D-4A00-A522-900006A2CA25}.Debug|Any CPU.ActiveCfg = Debug|Any CPU
		{5D8195D0-B48D-4A00-A522-900006A2CA25}.Debug|Any CPU.Build.0 = Debug|Any CPU
		{5D8195D0-B48D-4A00-A522-900006A2CA25}.Release|Any CPU.ActiveCfg = Release|Any CPU
		{5D8195D0-B48D-4A00-A522-900006A2CA25}.Release|Any CPU.Build.0 = Release|Any CPU
		{C669BB72-C7CC-45C8-AED6-4F8987089EAE}.Debug|Any CPU.ActiveCfg = Debug|Any CPU
		{C669BB72-C7CC-45C8-AED6-4F8987089EAE}.Debug|Any CPU.Build.0 = Debug|Any CPU
		{C669BB72-C7CC-45C8-AED6-4F8987089EAE}.Release|Any CPU.ActiveCfg = Release|Any CPU
		{C669BB72-C7CC-45C8-AED6-4F8987089EAE}.Release|Any CPU.Build.0 = Release|Any CPU
		{2D71CB92-6ACC-4475-A5CA-456A7FD0E4D8}.Debug|Any CPU.ActiveCfg = Debug|Any CPU
		{2D71CB92-6ACC-4475-A5CA-456A7FD0E4D8}.Debug|Any CPU.Build.0 = Debug|Any CPU
		{2D71CB92-6ACC-4475-A5CA-456A7FD0E4D8}.Release|Any CPU.ActiveCfg = Release|Any CPU
		{2D71CB92-6ACC-4475-A5CA-456A7FD0E4D8}.Release|Any CPU.Build.0 = Release|Any CPU
		{A2B09F1F-D107-4B95-9110-A599BCFBC349}.Debug|Any CPU.ActiveCfg = Debug|Any CPU
		{A2B09F1F-D107-4B95-9110-A599BCFBC349}.Debug|Any CPU.Build.0 = Debug|Any CPU
		{A2B09F1F-D107-4B95-9110-A599BCFBC349}.Release|Any CPU.ActiveCfg = Release|Any CPU
		{A2B09F1F-D107-4B95-9110-A599BCFBC349}.Release|Any CPU.Build.0 = Release|Any CPU
		{2EADA5C5-DABF-4FEC-B00A-C814358BA727}.Debug|Any CPU.ActiveCfg = Debug|Any CPU
		{2EADA5C5-DABF-4FEC-B00A-C814358BA727}.Debug|Any CPU.Build.0 = Debug|Any CPU
		{2EADA5C5-DABF-4FEC-B00A-C814358BA727}.Release|Any CPU.ActiveCfg = Release|Any CPU
		{2EADA5C5-DABF-4FEC-B00A-C814358BA727}.Release|Any CPU.Build.0 = Release|Any CPU
		{0B2272B8-5377-411E-AF46-A34193EDFA93}.Debug|Any CPU.ActiveCfg = Debug|Any CPU
		{0B2272B8-5377-411E-AF46-A34193EDFA93}.Debug|Any CPU.Build.0 = Debug|Any CPU
		{0B2272B8-5377-411E-AF46-A34193EDFA93}.Release|Any CPU.ActiveCfg = Release|Any CPU
		{0B2272B8-5377-411E-AF46-A34193EDFA93}.Release|Any CPU.Build.0 = Release|Any CPU
		{370E9C75-D363-4AC0-B8EB-40849D284AD9}.Debug|Any CPU.ActiveCfg = Debug|Any CPU
		{370E9C75-D363-4AC0-B8EB-40849D284AD9}.Debug|Any CPU.Build.0 = Debug|Any CPU
		{370E9C75-D363-4AC0-B8EB-40849D284AD9}.Release|Any CPU.ActiveCfg = Release|Any CPU
		{370E9C75-D363-4AC0-B8EB-40849D284AD9}.Release|Any CPU.Build.0 = Release|Any CPU
		{7BB8B617-5C33-4D10-A38E-BE1F3D353370}.Debug|Any CPU.ActiveCfg = Debug|Any CPU
		{7BB8B617-5C33-4D10-A38E-BE1F3D353370}.Debug|Any CPU.Build.0 = Debug|Any CPU
		{7BB8B617-5C33-4D10-A38E-BE1F3D353370}.Release|Any CPU.ActiveCfg = Release|Any CPU
		{7BB8B617-5C33-4D10-A38E-BE1F3D353370}.Release|Any CPU.Build.0 = Release|Any CPU
		{9B5747D4-2CE9-425F-87F1-528797A06A52}.Debug|Any CPU.ActiveCfg = Debug|Any CPU
		{9B5747D4-2CE9-425F-87F1-528797A06A52}.Debug|Any CPU.Build.0 = Debug|Any CPU
		{9B5747D4-2CE9-425F-87F1-528797A06A52}.Release|Any CPU.ActiveCfg = Release|Any CPU
		{9B5747D4-2CE9-425F-87F1-528797A06A52}.Release|Any CPU.Build.0 = Release|Any CPU
		{F4FF059C-A75E-433A-856C-F83DBC98D37C}.Debug|Any CPU.ActiveCfg = Debug|Any CPU
		{F4FF059C-A75E-433A-856C-F83DBC98D37C}.Debug|Any CPU.Build.0 = Debug|Any CPU
		{F4FF059C-A75E-433A-856C-F83DBC98D37C}.Release|Any CPU.ActiveCfg = Release|Any CPU
		{F4FF059C-A75E-433A-856C-F83DBC98D37C}.Release|Any CPU.Build.0 = Release|Any CPU
		{174FC177-0068-4D3C-9C40-500E804AFEFA}.Debug|Any CPU.ActiveCfg = Debug|Any CPU
		{174FC177-0068-4D3C-9C40-500E804AFEFA}.Debug|Any CPU.Build.0 = Debug|Any CPU
		{174FC177-0068-4D3C-9C40-500E804AFEFA}.Release|Any CPU.ActiveCfg = Release|Any CPU
		{174FC177-0068-4D3C-9C40-500E804AFEFA}.Release|Any CPU.Build.0 = Release|Any CPU
	EndGlobalSection
	GlobalSection(SolutionProperties) = preSolution
		HideSolutionNode = FALSE
	EndGlobalSection
	GlobalSection(NestedProjects) = preSolution
		{F568301A-B92E-40C7-B03C-7EBE171D7930} = {66CE297C-9CCF-4921-A3F2-7A1A7C6CA2CF}
		{5D8195D0-B48D-4A00-A522-900006A2CA25} = {66CE297C-9CCF-4921-A3F2-7A1A7C6CA2CF}
		{C669BB72-C7CC-45C8-AED6-4F8987089EAE} = {66CE297C-9CCF-4921-A3F2-7A1A7C6CA2CF}
		{2D71CB92-6ACC-4475-A5CA-456A7FD0E4D8} = {36773FB5-DE07-4BD8-8AA3-AD4FF8D208D2}
		{A2B09F1F-D107-4B95-9110-A599BCFBC349} = {36773FB5-DE07-4BD8-8AA3-AD4FF8D208D2}
		{2EADA5C5-DABF-4FEC-B00A-C814358BA727} = {36773FB5-DE07-4BD8-8AA3-AD4FF8D208D2}
		{0B2272B8-5377-411E-AF46-A34193EDFA93} = {88743D44-3BE5-42EE-BA85-8302CA13135B}
		{370E9C75-D363-4AC0-B8EB-40849D284AD9} = {88743D44-3BE5-42EE-BA85-8302CA13135B}
		{7BB8B617-5C33-4D10-A38E-BE1F3D353370} = {88743D44-3BE5-42EE-BA85-8302CA13135B}
		{9B5747D4-2CE9-425F-87F1-528797A06A52} = {B1CD3102-784F-49F3-932E-41D3F0E87AAB}
		{F4FF059C-A75E-433A-856C-F83DBC98D37C} = {B1CD3102-784F-49F3-932E-41D3F0E87AAB}
		{174FC177-0068-4D3C-9C40-500E804AFEFA} = {B1CD3102-784F-49F3-932E-41D3F0E87AAB}
	EndGlobalSection
	GlobalSection(ExtensibilityGlobals) = postSolution
		SolutionGuid = {91CE0D89-A95F-4F7A-9F04-24A66F5BA627}
	EndGlobalSection
EndGlobal
